// !$*UTF8*$!
{
	archiveVersion = 1;
	classes = {
	};
	objectVersion = 48;
	objects = {

/* Begin PBXBuildFile section */
		023DBB671FD04B5D004E9B36 /* ProgressHUD.m in Sources */ = {isa = PBXBuildFile; fileRef = 023DBB641FD04B5D004E9B36 /* ProgressHUD.m */; };
		023DBB681FD04B5D004E9B36 /* ProgressHUD.bundle in Resources */ = {isa = PBXBuildFile; fileRef = 023DBB651FD04B5D004E9B36 /* ProgressHUD.bundle */; };
		023DBB6C1FD4048F004E9B36 /* CategoryViewController.swift in Sources */ = {isa = PBXBuildFile; fileRef = 023DBB6B1FD4048F004E9B36 /* CategoryViewController.swift */; };
		023DBB701FD43189004E9B36 /* Assets.xcassets in Resources */ = {isa = PBXBuildFile; fileRef = 023DBB6F1FD43189004E9B36 /* Assets.xcassets */; };
		0253B87D1FC99F230042AAA3 /* AppDelegate.swift in Sources */ = {isa = PBXBuildFile; fileRef = 0253B87C1FC99F230042AAA3 /* AppDelegate.swift */; };
		0253B87F1FC99F230042AAA3 /* ViewController.swift in Sources */ = {isa = PBXBuildFile; fileRef = 0253B87E1FC99F230042AAA3 /* ViewController.swift */; };
		0253B8821FC99F230042AAA3 /* Main.storyboard in Resources */ = {isa = PBXBuildFile; fileRef = 0253B8801FC99F230042AAA3 /* Main.storyboard */; };
		0253B8871FC99F230042AAA3 /* LaunchScreen.storyboard in Resources */ = {isa = PBXBuildFile; fileRef = 0253B8851FC99F230042AAA3 /* LaunchScreen.storyboard */; };
		02D9280D1FCAF2E900CBAFEA /* SecondViewController.swift in Sources */ = {isa = PBXBuildFile; fileRef = 02D9280C1FCAF2E900CBAFEA /* SecondViewController.swift */; };
		02D928131FCB073E00CBAFEA /* Question.swift in Sources */ = {isa = PBXBuildFile; fileRef = 02D928121FCB073E00CBAFEA /* Question.swift */; };
		02D928171FCB1E3C00CBAFEA /* EuropeQuestionBank.swift in Sources */ = {isa = PBXBuildFile; fileRef = 02D928161FCB1E3C00CBAFEA /* EuropeQuestionBank.swift */; };
/* End PBXBuildFile section */

/* Begin PBXFileReference section */
		023DBB631FD04B5C004E9B36 /* Capital City Quiz-Bridging-Header.h */ = {isa = PBXFileReference; lastKnownFileType = sourcecode.c.h; path = "Capital City Quiz-Bridging-Header.h"; sourceTree = "<group>"; };
		023DBB641FD04B5D004E9B36 /* ProgressHUD.m */ = {isa = PBXFileReference; fileEncoding = 4; lastKnownFileType = sourcecode.c.objc; name = ProgressHUD.m; path = "../../ProgressHUD-master/ProgressHUD/ProgressHUD/ProgressHUD.m"; sourceTree = "<group>"; };
		023DBB651FD04B5D004E9B36 /* ProgressHUD.bundle */ = {isa = PBXFileReference; lastKnownFileType = "wrapper.plug-in"; name = ProgressHUD.bundle; path = "../../ProgressHUD-master/ProgressHUD/ProgressHUD/ProgressHUD.bundle"; sourceTree = "<group>"; };
		023DBB661FD04B5D004E9B36 /* ProgressHUD.h */ = {isa = PBXFileReference; fileEncoding = 4; lastKnownFileType = sourcecode.c.h; name = ProgressHUD.h; path = "../../ProgressHUD-master/ProgressHUD/ProgressHUD/ProgressHUD.h"; sourceTree = "<group>"; };
		023DBB6B1FD4048F004E9B36 /* CategoryViewController.swift */ = {isa = PBXFileReference; lastKnownFileType = sourcecode.swift; path = CategoryViewController.swift; sourceTree = "<group>"; };
		023DBB6F1FD43189004E9B36 /* Assets.xcassets */ = {isa = PBXFileReference; lastKnownFileType = folder.assetcatalog; name = Assets.xcassets; path = ../../../../.Trash/Assets.xcassets; sourceTree = "<group>"; };
		0253B8791FC99F230042AAA3 /* Capital City Quiz.app */ = {isa = PBXFileReference; explicitFileType = wrapper.application; includeInIndex = 0; path = "Capital City Quiz.app"; sourceTree = BUILT_PRODUCTS_DIR; };
		0253B87C1FC99F230042AAA3 /* AppDelegate.swift */ = {isa = PBXFileReference; lastKnownFileType = sourcecode.swift; path = AppDelegate.swift; sourceTree = "<group>"; };
		0253B87E1FC99F230042AAA3 /* ViewController.swift */ = {isa = PBXFileReference; lastKnownFileType = sourcecode.swift; path = ViewController.swift; sourceTree = "<group>"; };
		0253B8811FC99F230042AAA3 /* Base */ = {isa = PBXFileReference; lastKnownFileType = file.storyboard; name = Base; path = Base.lproj/Main.storyboard; sourceTree = "<group>"; };
		0253B8861FC99F230042AAA3 /* Base */ = {isa = PBXFileReference; lastKnownFileType = file.storyboard; name = Base; path = Base.lproj/LaunchScreen.storyboard; sourceTree = "<group>"; };
		0253B8881FC99F230042AAA3 /* Info.plist */ = {isa = PBXFileReference; lastKnownFileType = text.plist.xml; path = Info.plist; sourceTree = "<group>"; };
		02D9280C1FCAF2E900CBAFEA /* SecondViewController.swift */ = {isa = PBXFileReference; lastKnownFileType = sourcecode.swift; path = SecondViewController.swift; sourceTree = "<group>"; };
		02D928121FCB073E00CBAFEA /* Question.swift */ = {isa = PBXFileReference; lastKnownFileType = sourcecode.swift; path = Question.swift; sourceTree = "<group>"; };
		02D928161FCB1E3C00CBAFEA /* EuropeQuestionBank.swift */ = {isa = PBXFileReference; lastKnownFileType = sourcecode.swift; path = EuropeQuestionBank.swift; sourceTree = "<group>"; };
/* End PBXFileReference section */

/* Begin PBXFrameworksBuildPhase section */
		0253B8761FC99F230042AAA3 /* Frameworks */ = {
			isa = PBXFrameworksBuildPhase;
			buildActionMask = 2147483647;
			files = (
			);
			runOnlyForDeploymentPostprocessing = 0;
		};
/* End PBXFrameworksBuildPhase section */

/* Begin PBXGroup section */
		0253B8701FC99F230042AAA3 = {
			isa = PBXGroup;
			children = (
				0253B87B1FC99F230042AAA3 /* Capital City Quiz */,
				0253B87A1FC99F230042AAA3 /* Products */,
			);
			sourceTree = "<group>";
		};
		0253B87A1FC99F230042AAA3 /* Products */ = {
			isa = PBXGroup;
			children = (
				0253B8791FC99F230042AAA3 /* Capital City Quiz.app */,
			);
			name = Products;
			sourceTree = "<group>";
		};
		0253B87B1FC99F230042AAA3 /* Capital City Quiz */ = {
			isa = PBXGroup;
			children = (
				0253B8901FC99FCE0042AAA3 /* Controller */,
				0253B8911FC99FE80042AAA3 /* Model */,
				0253B8921FC99FF10042AAA3 /* View */,
				0253B8851FC99F230042AAA3 /* LaunchScreen.storyboard */,
				0253B8881FC99F230042AAA3 /* Info.plist */,
				023DBB651FD04B5D004E9B36 /* ProgressHUD.bundle */,
				023DBB661FD04B5D004E9B36 /* ProgressHUD.h */,
				023DBB641FD04B5D004E9B36 /* ProgressHUD.m */,
				023DBB631FD04B5C004E9B36 /* Capital City Quiz-Bridging-Header.h */,
			);
			path = "Capital City Quiz";
			sourceTree = "<group>";
		};
		0253B8901FC99FCE0042AAA3 /* Controller */ = {
			isa = PBXGroup;
			children = (
				0253B87C1FC99F230042AAA3 /* AppDelegate.swift */,
				0253B87E1FC99F230042AAA3 /* ViewController.swift */,
				023DBB6B1FD4048F004E9B36 /* CategoryViewController.swift */,
				02D9280C1FCAF2E900CBAFEA /* SecondViewController.swift */,
			);
			path = Controller;
			sourceTree = "<group>";
		};
		0253B8911FC99FE80042AAA3 /* Model */ = {
			isa = PBXGroup;
			children = (
				02D928121FCB073E00CBAFEA /* Question.swift */,
				02D928161FCB1E3C00CBAFEA /* EuropeQuestionBank.swift */,
			);
			path = Model;
			sourceTree = "<group>";
		};
		0253B8921FC99FF10042AAA3 /* View */ = {
			isa = PBXGroup;
			children = (
				0253B8801FC99F230042AAA3 /* Main.storyboard */,
				023DBB6F1FD43189004E9B36 /* Assets.xcassets */,
			);
			path = View;
			sourceTree = "<group>";
		};
/* End PBXGroup section */

/* Begin PBXNativeTarget section */
		0253B8781FC99F230042AAA3 /* Capital City Quiz */ = {
			isa = PBXNativeTarget;
			buildConfigurationList = 0253B88B1FC99F230042AAA3 /* Build configuration list for PBXNativeTarget "Capital City Quiz" */;
			buildPhases = (
				0253B8751FC99F230042AAA3 /* Sources */,
				0253B8761FC99F230042AAA3 /* Frameworks */,
				0253B8771FC99F230042AAA3 /* Resources */,
			);
			buildRules = (
			);
			dependencies = (
			);
			name = "Capital City Quiz";
			productName = "Capital City Quiz";
			productReference = 0253B8791FC99F230042AAA3 /* Capital City Quiz.app */;
			productType = "com.apple.product-type.application";
		};
/* End PBXNativeTarget section */

/* Begin PBXProject section */
		0253B8711FC99F230042AAA3 /* Project object */ = {
			isa = PBXProject;
			attributes = {
				LastSwiftUpdateCheck = 0900;
				LastUpgradeCheck = 0900;
				ORGANIZATIONNAME = "Jae Guk Lee";
				TargetAttributes = {
					0253B8781FC99F230042AAA3 = {
						CreatedOnToolsVersion = 9.0.1;
						LastSwiftMigration = 0900;
						ProvisioningStyle = Automatic;
					};
				};
			};
			buildConfigurationList = 0253B8741FC99F230042AAA3 /* Build configuration list for PBXProject "Capital City Quiz" */;
			compatibilityVersion = "Xcode 8.0";
			developmentRegion = en;
			hasScannedForEncodings = 0;
			knownRegions = (
				en,
				Base,
			);
			mainGroup = 0253B8701FC99F230042AAA3;
			productRefGroup = 0253B87A1FC99F230042AAA3 /* Products */;
			projectDirPath = "";
			projectRoot = "";
			targets = (
				0253B8781FC99F230042AAA3 /* Capital City Quiz */,
			);
		};
/* End PBXProject section */

/* Begin PBXResourcesBuildPhase section */
		0253B8771FC99F230042AAA3 /* Resources */ = {
			isa = PBXResourcesBuildPhase;
			buildActionMask = 2147483647;
			files = (
				023DBB681FD04B5D004E9B36 /* ProgressHUD.bundle in Resources */,
				0253B8871FC99F230042AAA3 /* LaunchScreen.storyboard in Resources */,
				023DBB701FD43189004E9B36 /* Assets.xcassets in Resources */,
				0253B8821FC99F230042AAA3 /* Main.storyboard in Resources */,
			);
			runOnlyForDeploymentPostprocessing = 0;
		};
/* End PBXResourcesBuildPhase section */

/* Begin PBXSourcesBuildPhase section */
		0253B8751FC99F230042AAA3 /* Sources */ = {
			isa = PBXSourcesBuildPhase;
			buildActionMask = 2147483647;
			files = (
				023DBB671FD04B5D004E9B36 /* ProgressHUD.m in Sources */,
				02D9280D1FCAF2E900CBAFEA /* SecondViewController.swift in Sources */,
				023DBB6C1FD4048F004E9B36 /* CategoryViewController.swift in Sources */,
				02D928131FCB073E00CBAFEA /* Question.swift in Sources */,
				02D928171FCB1E3C00CBAFEA /* EuropeQuestionBank.swift in Sources */,
				0253B87F1FC99F230042AAA3 /* ViewController.swift in Sources */,
				0253B87D1FC99F230042AAA3 /* AppDelegate.swift in Sources */,
			);
			runOnlyForDeploymentPostprocessing = 0;
		};
/* End PBXSourcesBuildPhase section */

/* Begin PBXVariantGroup section */
		0253B8801FC99F230042AAA3 /* Main.storyboard */ = {
			isa = PBXVariantGroup;
			children = (
				0253B8811FC99F230042AAA3 /* Base */,
			);
			name = Main.storyboard;
			sourceTree = "<group>";
		};
		0253B8851FC99F230042AAA3 /* LaunchScreen.storyboard */ = {
			isa = PBXVariantGroup;
			children = (
				0253B8861FC99F230042AAA3 /* Base */,
			);
			name = LaunchScreen.storyboard;
			sourceTree = "<group>";
		};
/* End PBXVariantGroup section */

/* Begin XCBuildConfiguration section */
		0253B8891FC99F230042AAA3 /* Debug */ = {
			isa = XCBuildConfiguration;
			buildSettings = {
				ALWAYS_SEARCH_USER_PATHS = NO;
				CLANG_ANALYZER_NONNULL = YES;
				CLANG_ANALYZER_NUMBER_OBJECT_CONVERSION = YES_AGGRESSIVE;
				CLANG_CXX_LANGUAGE_STANDARD = "gnu++14";
				CLANG_CXX_LIBRARY = "libc++";
				CLANG_ENABLE_MODULES = YES;
				CLANG_ENABLE_OBJC_ARC = YES;
				CLANG_WARN_BLOCK_CAPTURE_AUTORELEASING = YES;
				CLANG_WARN_BOOL_CONVERSION = YES;
				CLANG_WARN_COMMA = YES;
				CLANG_WARN_CONSTANT_CONVERSION = YES;
				CLANG_WARN_DIRECT_OBJC_ISA_USAGE = YES_ERROR;
				CLANG_WARN_DOCUMENTATION_COMMENTS = YES;
				CLANG_WARN_EMPTY_BODY = YES;
				CLANG_WARN_ENUM_CONVERSION = YES;
				CLANG_WARN_INFINITE_RECURSION = YES;
				CLANG_WARN_INT_CONVERSION = YES;
				CLANG_WARN_NON_LITERAL_NULL_CONVERSION = YES;
				CLANG_WARN_OBJC_LITERAL_CONVERSION = YES;
				CLANG_WARN_OBJC_ROOT_CLASS = YES_ERROR;
				CLANG_WARN_RANGE_LOOP_ANALYSIS = YES;
				CLANG_WARN_STRICT_PROTOTYPES = YES;
				CLANG_WARN_SUSPICIOUS_MOVE = YES;
				CLANG_WARN_UNGUARDED_AVAILABILITY = YES_AGGRESSIVE;
				CLANG_WARN_UNREACHABLE_CODE = YES;
				CLANG_WARN__DUPLICATE_METHOD_MATCH = YES;
				CODE_SIGN_IDENTITY = "iPhone Developer";
				COPY_PHASE_STRIP = NO;
				DEBUG_INFORMATION_FORMAT = dwarf;
				ENABLE_STRICT_OBJC_MSGSEND = YES;
				ENABLE_TESTABILITY = YES;
				GCC_C_LANGUAGE_STANDARD = gnu11;
				GCC_DYNAMIC_NO_PIC = NO;
				GCC_NO_COMMON_BLOCKS = YES;
				GCC_OPTIMIZATION_LEVEL = 0;
				GCC_PREPROCESSOR_DEFINITIONS = (
					"DEBUG=1",
					"$(inherited)",
				);
				GCC_WARN_64_TO_32_BIT_CONVERSION = YES;
				GCC_WARN_ABOUT_RETURN_TYPE = YES_ERROR;
				GCC_WARN_UNDECLARED_SELECTOR = YES;
				GCC_WARN_UNINITIALIZED_AUTOS = YES_AGGRESSIVE;
				GCC_WARN_UNUSED_FUNCTION = YES;
				GCC_WARN_UNUSED_VARIABLE = YES;
				IPHONEOS_DEPLOYMENT_TARGET = 11.0;
				MTL_ENABLE_DEBUG_INFO = YES;
				ONLY_ACTIVE_ARCH = YES;
				SDKROOT = iphoneos;
				SWIFT_ACTIVE_COMPILATION_CONDITIONS = DEBUG;
				SWIFT_OPTIMIZATION_LEVEL = "-Onone";
			};
			name = Debug;
		};
		0253B88A1FC99F230042AAA3 /* Release */ = {
			isa = XCBuildConfiguration;
			buildSettings = {
				ALWAYS_SEARCH_USER_PATHS = NO;
				CLANG_ANALYZER_NONNULL = YES;
				CLANG_ANALYZER_NUMBER_OBJECT_CONVERSION = YES_AGGRESSIVE;
				CLANG_CXX_LANGUAGE_STANDARD = "gnu++14";
				CLANG_CXX_LIBRARY = "libc++";
				CLANG_ENABLE_MODULES = YES;
				CLANG_ENABLE_OBJC_ARC = YES;
				CLANG_WARN_BLOCK_CAPTURE_AUTORELEASING = YES;
				CLANG_WARN_BOOL_CONVERSION = YES;
				CLANG_WARN_COMMA = YES;
				CLANG_WARN_CONSTANT_CONVERSION = YES;
				CLANG_WARN_DIRECT_OBJC_ISA_USAGE = YES_ERROR;
				CLANG_WARN_DOCUMENTATION_COMMENTS = YES;
				CLANG_WARN_EMPTY_BODY = YES;
				CLANG_WARN_ENUM_CONVERSION = YES;
				CLANG_WARN_INFINITE_RECURSION = YES;
				CLANG_WARN_INT_CONVERSION = YES;
				CLANG_WARN_NON_LITERAL_NULL_CONVERSION = YES;
				CLANG_WARN_OBJC_LITERAL_CONVERSION = YES;
				CLANG_WARN_OBJC_ROOT_CLASS = YES_ERROR;
				CLANG_WARN_RANGE_LOOP_ANALYSIS = YES;
				CLANG_WARN_STRICT_PROTOTYPES = YES;
				CLANG_WARN_SUSPICIOUS_MOVE = YES;
				CLANG_WARN_UNGUARDED_AVAILABILITY = YES_AGGRESSIVE;
				CLANG_WARN_UNREACHABLE_CODE = YES;
				CLANG_WARN__DUPLICATE_METHOD_MATCH = YES;
				CODE_SIGN_IDENTITY = "iPhone Developer";
				COPY_PHASE_STRIP = NO;
				DEBUG_INFORMATION_FORMAT = "dwarf-with-dsym";
				ENABLE_NS_ASSERTIONS = NO;
				ENABLE_STRICT_OBJC_MSGSEND = YES;
				GCC_C_LANGUAGE_STANDARD = gnu11;
				GCC_NO_COMMON_BLOCKS = YES;
				GCC_WARN_64_TO_32_BIT_CONVERSION = YES;
				GCC_WARN_ABOUT_RETURN_TYPE = YES_ERROR;
				GCC_WARN_UNDECLARED_SELECTOR = YES;
				GCC_WARN_UNINITIALIZED_AUTOS = YES_AGGRESSIVE;
				GCC_WARN_UNUSED_FUNCTION = YES;
				GCC_WARN_UNUSED_VARIABLE = YES;
				IPHONEOS_DEPLOYMENT_TARGET = 11.0;
				MTL_ENABLE_DEBUG_INFO = NO;
				SDKROOT = iphoneos;
				SWIFT_OPTIMIZATION_LEVEL = "-Owholemodule";
				VALIDATE_PRODUCT = YES;
			};
			name = Release;
		};
		0253B88C1FC99F230042AAA3 /* Debug */ = {
			isa = XCBuildConfiguration;
			buildSettings = {
				ASSETCATALOG_COMPILER_APPICON_NAME = AppIcon;
				CLANG_ENABLE_MODULES = YES;
				CODE_SIGN_STYLE = Automatic;
				DEVELOPMENT_TEAM = 8997C96PFG;
				INFOPLIST_FILE = "Capital City Quiz/Info.plist";
				LD_RUNPATH_SEARCH_PATHS = "$(inherited) @executable_path/Frameworks";
				PRODUCT_BUNDLE_IDENTIFIER = "com.leeyoda.Capital-City-Quiz";
				PRODUCT_NAME = "$(TARGET_NAME)";
				SWIFT_OBJC_BRIDGING_HEADER = "Capital City Quiz/Capital City Quiz-Bridging-Header.h";
				SWIFT_OPTIMIZATION_LEVEL = "-Onone";
				SWIFT_VERSION = 4.0;
				TARGETED_DEVICE_FAMILY = "1,2";
			};
			name = Debug;
		};
		0253B88D1FC99F230042AAA3 /* Release */ = {
			isa = XCBuildConfiguration;
			buildSettings = {
				ASSETCATALOG_COMPILER_APPICON_NAME = AppIcon;
				CLANG_ENABLE_MODULES = YES;
				CODE_SIGN_STYLE = Automatic;
				DEVELOPMENT_TEAM = 8997C96PFG;
				INFOPLIST_FILE = "Capital City Quiz/Info.plist";
				LD_RUNPATH_SEARCH_PATHS = "$(inherited) @executable_path/Frameworks";
				PRODUCT_BUNDLE_IDENTIFIER = "com.leeyoda.Capital-City-Quiz";
				PRODUCT_NAME = "$(TARGET_NAME)";
				SWIFT_OBJC_BRIDGING_HEADER = "Capital City Quiz/Capital City Quiz-Bridging-Header.h";
				SWIFT_VERSION = 4.0;
				TARGETED_DEVICE_FAMILY = "1,2";
			};
			name = Release;
		};
/* End XCBuildConfiguration section */

/* Begin XCConfigurationList section */
		0253B8741FC99F230042AAA3 /* Build configuration list for PBXProject "Capital City Quiz" */ = {
			isa = XCConfigurationList;
			buildConfigurations = (
				0253B8891FC99F230042AAA3 /* Debug */,
				0253B88A1FC99F230042AAA3 /* Release */,
			);
			defaultConfigurationIsVisible = 0;
			defaultConfigurationName = Release;
		};
		0253B88B1FC99F230042AAA3 /* Build configuration list for PBXNativeTarget "Capital City Quiz" */ = {
			isa = XCConfigurationList;
			buildConfigurations = (
				0253B88C1FC99F230042AAA3 /* Debug */,
				0253B88D1FC99F230042AAA3 /* Release */,
			);
			defaultConfigurationIsVisible = 0;
			defaultConfigurationName = Release;
		};
/* End XCConfigurationList section */
	};
	rootObject = 0253B8711FC99F230042AAA3 /* Project object */;
}
